// !$*UTF8*$!
{
	archiveVersion = 1;
	classes = {
	};
	objectVersion = 56;
	objects = {

/* Begin PBXBuildFile section */
		C39CDBC2296C249C00852F61 /* TodoSwiftUIApp.swift in Sources */ = {isa = PBXBuildFile; fileRef = C39CDBC1296C249C00852F61 /* TodoSwiftUIApp.swift */; };
		C39CDBC6296C249E00852F61 /* Assets.xcassets in Resources */ = {isa = PBXBuildFile; fileRef = C39CDBC5296C249E00852F61 /* Assets.xcassets */; };
		C39CDBD1296C25F900852F61 /* HideKeyboardExtension.swift in Sources */ = {isa = PBXBuildFile; fileRef = C39CDBD0296C25F900852F61 /* HideKeyboardExtension.swift */; };
		C39CDBDB296C267800852F61 /* sound-rise.mp3 in Resources */ = {isa = PBXBuildFile; fileRef = C39CDBD8296C267800852F61 /* sound-rise.mp3 */; };
		C39CDBDC296C267800852F61 /* sound-ding.mp3 in Resources */ = {isa = PBXBuildFile; fileRef = C39CDBD9296C267800852F61 /* sound-ding.mp3 */; };
		C39CDBDD296C267800852F61 /* sound-tap.mp3 in Resources */ = {isa = PBXBuildFile; fileRef = C39CDBDA296C267800852F61 /* sound-tap.mp3 */; };
		C39CDBE2296C268400852F61 /* Persistence.swift in Sources */ = {isa = PBXBuildFile; fileRef = C39CDBDF296C268400852F61 /* Persistence.swift */; };
		C39CDBE3296C268400852F61 /* Devote.xcdatamodeld in Sources */ = {isa = PBXBuildFile; fileRef = C39CDBE0296C268400852F61 /* Devote.xcdatamodeld */; };
		C39CDBE6296C268C00852F61 /* CheckboxStyle.swift in Sources */ = {isa = PBXBuildFile; fileRef = C39CDBE5296C268C00852F61 /* CheckboxStyle.swift */; };
		C39CDBEA296C269500852F61 /* Constant.swift in Sources */ = {isa = PBXBuildFile; fileRef = C39CDBE8296C269500852F61 /* Constant.swift */; };
		C39CDBEB296C269500852F61 /* SoundPlayer.swift in Sources */ = {isa = PBXBuildFile; fileRef = C39CDBE9296C269500852F61 /* SoundPlayer.swift */; };
		C39CDBF2296C269D00852F61 /* BackgroundImageView.swift in Sources */ = {isa = PBXBuildFile; fileRef = C39CDBED296C269D00852F61 /* BackgroundImageView.swift */; };
		C39CDBF3296C269D00852F61 /* ListRowItemView.swift in Sources */ = {isa = PBXBuildFile; fileRef = C39CDBEE296C269D00852F61 /* ListRowItemView.swift */; };
		C39CDBF4296C269D00852F61 /* BlankView.swift in Sources */ = {isa = PBXBuildFile; fileRef = C39CDBEF296C269D00852F61 /* BlankView.swift */; };
		C39CDBF5296C269D00852F61 /* NewTaskItemView.swift in Sources */ = {isa = PBXBuildFile; fileRef = C39CDBF0296C269D00852F61 /* NewTaskItemView.swift */; };
		C39CDBF6296C269D00852F61 /* ContentView.swift in Sources */ = {isa = PBXBuildFile; fileRef = C39CDBF1296C269D00852F61 /* ContentView.swift */; };
		C39CDBFE296C2D0C00852F61 /* WidgetKit.framework in Frameworks */ = {isa = PBXBuildFile; fileRef = C39CDBFD296C2D0C00852F61 /* WidgetKit.framework */; };
		C39CDC00296C2D0C00852F61 /* SwiftUI.framework in Frameworks */ = {isa = PBXBuildFile; fileRef = C39CDBFF296C2D0C00852F61 /* SwiftUI.framework */; };
		C39CDC03296C2D0C00852F61 /* TodoSwiftUIWidgetBundle.swift in Sources */ = {isa = PBXBuildFile; fileRef = C39CDC02296C2D0C00852F61 /* TodoSwiftUIWidgetBundle.swift */; };
		C39CDC05296C2D0C00852F61 /* TodoSwiftUIWidgetLiveActivity.swift in Sources */ = {isa = PBXBuildFile; fileRef = C39CDC04296C2D0C00852F61 /* TodoSwiftUIWidgetLiveActivity.swift */; };
		C39CDC07296C2D0C00852F61 /* TodoSwiftUIWidget.swift in Sources */ = {isa = PBXBuildFile; fileRef = C39CDC06296C2D0C00852F61 /* TodoSwiftUIWidget.swift */; };
		C39CDC0A296C2D0F00852F61 /* Assets.xcassets in Resources */ = {isa = PBXBuildFile; fileRef = C39CDC09296C2D0F00852F61 /* Assets.xcassets */; };
		C39CDC0C296C2D0F00852F61 /* TodoSwiftUIWidget.intentdefinition in Sources */ = {isa = PBXBuildFile; fileRef = C39CDC08296C2D0C00852F61 /* TodoSwiftUIWidget.intentdefinition */; };
		C39CDC0D296C2D0F00852F61 /* TodoSwiftUIWidget.intentdefinition in Sources */ = {isa = PBXBuildFile; fileRef = C39CDC08296C2D0C00852F61 /* TodoSwiftUIWidget.intentdefinition */; };
		C39CDC10296C2D0F00852F61 /* TodoSwiftUIWidgetExtension.appex in Embed Foundation Extensions */ = {isa = PBXBuildFile; fileRef = C39CDBFB296C2D0C00852F61 /* TodoSwiftUIWidgetExtension.appex */; settings = {ATTRIBUTES = (RemoveHeadersOnCopy, ); }; };
		C39CDC15296C31D900852F61 /* Assets.xcassets in Resources */ = {isa = PBXBuildFile; fileRef = C39CDBC5296C249E00852F61 /* Assets.xcassets */; };
		C39CDC16296C328400852F61 /* Constant.swift in Sources */ = {isa = PBXBuildFile; fileRef = C39CDBE8296C269500852F61 /* Constant.swift */; };
/* End PBXBuildFile section */

/* Begin PBXContainerItemProxy section */
		C39CDC0E296C2D0F00852F61 /* PBXContainerItemProxy */ = {
			isa = PBXContainerItemProxy;
			containerPortal = C39CDBB6296C249C00852F61 /* Project object */;
			proxyType = 1;
			remoteGlobalIDString = C39CDBFA296C2D0C00852F61;
			remoteInfo = TodoSwiftUIWidgetExtension;
		};
/* End PBXContainerItemProxy section */

/* Begin PBXCopyFilesBuildPhase section */
		C39CDC14296C2D0F00852F61 /* Embed Foundation Extensions */ = {
			isa = PBXCopyFilesBuildPhase;
			buildActionMask = 2147483647;
			dstPath = "";
			dstSubfolderSpec = 13;
			files = (
				C39CDC10296C2D0F00852F61 /* TodoSwiftUIWidgetExtension.appex in Embed Foundation Extensions */,
			);
			name = "Embed Foundation Extensions";
			runOnlyForDeploymentPostprocessing = 0;
		};
/* End PBXCopyFilesBuildPhase section */

/* Begin PBXFileReference section */
		C39CDBBE296C249C00852F61 /* TodoSwiftUI.app */ = {isa = PBXFileReference; explicitFileType = wrapper.application; includeInIndex = 0; path = TodoSwiftUI.app; sourceTree = BUILT_PRODUCTS_DIR; };
		C39CDBC1296C249C00852F61 /* TodoSwiftUIApp.swift */ = {isa = PBXFileReference; lastKnownFileType = sourcecode.swift; path = TodoSwiftUIApp.swift; sourceTree = "<group>"; };
		C39CDBC5296C249E00852F61 /* Assets.xcassets */ = {isa = PBXFileReference; lastKnownFileType = folder.assetcatalog; path = Assets.xcassets; sourceTree = "<group>"; };
		C39CDBD0296C25F900852F61 /* HideKeyboardExtension.swift */ = {isa = PBXFileReference; fileEncoding = 4; lastKnownFileType = sourcecode.swift; path = HideKeyboardExtension.swift; sourceTree = "<group>"; };
		C39CDBD8296C267800852F61 /* sound-rise.mp3 */ = {isa = PBXFileReference; lastKnownFileType = audio.mp3; path = "sound-rise.mp3"; sourceTree = "<group>"; };
		C39CDBD9296C267800852F61 /* sound-ding.mp3 */ = {isa = PBXFileReference; lastKnownFileType = audio.mp3; path = "sound-ding.mp3"; sourceTree = "<group>"; };
		C39CDBDA296C267800852F61 /* sound-tap.mp3 */ = {isa = PBXFileReference; lastKnownFileType = audio.mp3; path = "sound-tap.mp3"; sourceTree = "<group>"; };
		C39CDBDF296C268400852F61 /* Persistence.swift */ = {isa = PBXFileReference; fileEncoding = 4; lastKnownFileType = sourcecode.swift; path = Persistence.swift; sourceTree = "<group>"; };
		C39CDBE1296C268400852F61 /* Devote.xcdatamodel */ = {isa = PBXFileReference; lastKnownFileType = wrapper.xcdatamodel; path = Devote.xcdatamodel; sourceTree = "<group>"; };
		C39CDBE5296C268C00852F61 /* CheckboxStyle.swift */ = {isa = PBXFileReference; fileEncoding = 4; lastKnownFileType = sourcecode.swift; path = CheckboxStyle.swift; sourceTree = "<group>"; };
		C39CDBE8296C269500852F61 /* Constant.swift */ = {isa = PBXFileReference; fileEncoding = 4; lastKnownFileType = sourcecode.swift; path = Constant.swift; sourceTree = "<group>"; };
		C39CDBE9296C269500852F61 /* SoundPlayer.swift */ = {isa = PBXFileReference; fileEncoding = 4; lastKnownFileType = sourcecode.swift; path = SoundPlayer.swift; sourceTree = "<group>"; };
		C39CDBED296C269D00852F61 /* BackgroundImageView.swift */ = {isa = PBXFileReference; fileEncoding = 4; lastKnownFileType = sourcecode.swift; path = BackgroundImageView.swift; sourceTree = "<group>"; };
		C39CDBEE296C269D00852F61 /* ListRowItemView.swift */ = {isa = PBXFileReference; fileEncoding = 4; lastKnownFileType = sourcecode.swift; path = ListRowItemView.swift; sourceTree = "<group>"; };
		C39CDBEF296C269D00852F61 /* BlankView.swift */ = {isa = PBXFileReference; fileEncoding = 4; lastKnownFileType = sourcecode.swift; path = BlankView.swift; sourceTree = "<group>"; };
		C39CDBF0296C269D00852F61 /* NewTaskItemView.swift */ = {isa = PBXFileReference; fileEncoding = 4; lastKnownFileType = sourcecode.swift; path = NewTaskItemView.swift; sourceTree = "<group>"; };
		C39CDBF1296C269D00852F61 /* ContentView.swift */ = {isa = PBXFileReference; fileEncoding = 4; lastKnownFileType = sourcecode.swift; name = ContentView.swift; path = View/ContentView.swift; sourceTree = "<group>"; };
		C39CDBFB296C2D0C00852F61 /* TodoSwiftUIWidgetExtension.appex */ = {isa = PBXFileReference; explicitFileType = "wrapper.app-extension"; includeInIndex = 0; path = TodoSwiftUIWidgetExtension.appex; sourceTree = BUILT_PRODUCTS_DIR; };
		C39CDBFD296C2D0C00852F61 /* WidgetKit.framework */ = {isa = PBXFileReference; lastKnownFileType = wrapper.framework; name = WidgetKit.framework; path = System/Library/Frameworks/WidgetKit.framework; sourceTree = SDKROOT; };
		C39CDBFF296C2D0C00852F61 /* SwiftUI.framework */ = {isa = PBXFileReference; lastKnownFileType = wrapper.framework; name = SwiftUI.framework; path = System/Library/Frameworks/SwiftUI.framework; sourceTree = SDKROOT; };
		C39CDC02296C2D0C00852F61 /* TodoSwiftUIWidgetBundle.swift */ = {isa = PBXFileReference; lastKnownFileType = sourcecode.swift; path = TodoSwiftUIWidgetBundle.swift; sourceTree = "<group>"; };
		C39CDC04296C2D0C00852F61 /* TodoSwiftUIWidgetLiveActivity.swift */ = {isa = PBXFileReference; lastKnownFileType = sourcecode.swift; path = TodoSwiftUIWidgetLiveActivity.swift; sourceTree = "<group>"; };
		C39CDC06296C2D0C00852F61 /* TodoSwiftUIWidget.swift */ = {isa = PBXFileReference; lastKnownFileType = sourcecode.swift; path = TodoSwiftUIWidget.swift; sourceTree = "<group>"; };
		C39CDC08296C2D0C00852F61 /* TodoSwiftUIWidget.intentdefinition */ = {isa = PBXFileReference; lastKnownFileType = file.intentdefinition; path = TodoSwiftUIWidget.intentdefinition; sourceTree = "<group>"; };
		C39CDC09296C2D0F00852F61 /* Assets.xcassets */ = {isa = PBXFileReference; lastKnownFileType = folder.assetcatalog; path = Assets.xcassets; sourceTree = "<group>"; };
		C39CDC0B296C2D0F00852F61 /* Info.plist */ = {isa = PBXFileReference; lastKnownFileType = text.plist.xml; path = Info.plist; sourceTree = "<group>"; };
/* End PBXFileReference section */

/* Begin PBXFrameworksBuildPhase section */
		C39CDBBB296C249C00852F61 /* Frameworks */ = {
			isa = PBXFrameworksBuildPhase;
			buildActionMask = 2147483647;
			files = (
			);
			runOnlyForDeploymentPostprocessing = 0;
		};
		C39CDBF8296C2D0C00852F61 /* Frameworks */ = {
			isa = PBXFrameworksBuildPhase;
			buildActionMask = 2147483647;
			files = (
				C39CDC00296C2D0C00852F61 /* SwiftUI.framework in Frameworks */,
				C39CDBFE296C2D0C00852F61 /* WidgetKit.framework in Frameworks */,
			);
			runOnlyForDeploymentPostprocessing = 0;
		};
/* End PBXFrameworksBuildPhase section */

/* Begin PBXGroup section */
		C39CDBB5296C249C00852F61 = {
			isa = PBXGroup;
			children = (
				C39CDBCF296C25F900852F61 /* Extension */,
				C39CDBEC296C269D00852F61 /* View */,
				C39CDBE7296C269500852F61 /* Utility */,
				C39CDBE4296C268C00852F61 /* Style */,
				C39CDBDE296C268400852F61 /* Model */,
				C39CDBD7296C267800852F61 /* Sound */,
				C39CDBC0296C249C00852F61 /* TodoSwiftUI */,
				C39CDC01296C2D0C00852F61 /* TodoSwiftUIWidget */,
				C39CDBFC296C2D0C00852F61 /* Frameworks */,
				C39CDBBF296C249C00852F61 /* Products */,
			);
			sourceTree = "<group>";
		};
		C39CDBBF296C249C00852F61 /* Products */ = {
			isa = PBXGroup;
			children = (
				C39CDBBE296C249C00852F61 /* TodoSwiftUI.app */,
				C39CDBFB296C2D0C00852F61 /* TodoSwiftUIWidgetExtension.appex */,
			);
			name = Products;
			sourceTree = "<group>";
		};
		C39CDBC0296C249C00852F61 /* TodoSwiftUI */ = {
			isa = PBXGroup;
			children = (
				C39CDBC1296C249C00852F61 /* TodoSwiftUIApp.swift */,
				C39CDBF1296C269D00852F61 /* ContentView.swift */,
				C39CDBC5296C249E00852F61 /* Assets.xcassets */,
			);
			path = TodoSwiftUI;
			sourceTree = "<group>";
		};
		C39CDBCF296C25F900852F61 /* Extension */ = {
			isa = PBXGroup;
			children = (
				C39CDBD0296C25F900852F61 /* HideKeyboardExtension.swift */,
			);
			name = Extension;
			path = TodoSwiftUI/Extension;
			sourceTree = "<group>";
		};
		C39CDBD7296C267800852F61 /* Sound */ = {
			isa = PBXGroup;
			children = (
				C39CDBD8296C267800852F61 /* sound-rise.mp3 */,
				C39CDBD9296C267800852F61 /* sound-ding.mp3 */,
				C39CDBDA296C267800852F61 /* sound-tap.mp3 */,
			);
			name = Sound;
			path = TodoSwiftUI/Sound;
			sourceTree = "<group>";
		};
		C39CDBDE296C268400852F61 /* Model */ = {
			isa = PBXGroup;
			children = (
				C39CDBDF296C268400852F61 /* Persistence.swift */,
				C39CDBE0296C268400852F61 /* Devote.xcdatamodeld */,
			);
			name = Model;
			path = TodoSwiftUI/Model;
			sourceTree = "<group>";
		};
		C39CDBE4296C268C00852F61 /* Style */ = {
			isa = PBXGroup;
			children = (
				C39CDBE5296C268C00852F61 /* CheckboxStyle.swift */,
			);
			name = Style;
			path = TodoSwiftUI/Style;
			sourceTree = "<group>";
		};
		C39CDBE7296C269500852F61 /* Utility */ = {
			isa = PBXGroup;
			children = (
				C39CDBE8296C269500852F61 /* Constant.swift */,
				C39CDBE9296C269500852F61 /* SoundPlayer.swift */,
			);
			name = Utility;
			path = TodoSwiftUI/Utility;
			sourceTree = "<group>";
		};
		C39CDBEC296C269D00852F61 /* View */ = {
			isa = PBXGroup;
			children = (
				C39CDBED296C269D00852F61 /* BackgroundImageView.swift */,
				C39CDBEE296C269D00852F61 /* ListRowItemView.swift */,
				C39CDBEF296C269D00852F61 /* BlankView.swift */,
				C39CDBF0296C269D00852F61 /* NewTaskItemView.swift */,
			);
			name = View;
			path = TodoSwiftUI/View;
			sourceTree = "<group>";
		};
		C39CDBFC296C2D0C00852F61 /* Frameworks */ = {
			isa = PBXGroup;
			children = (
				C39CDBFD296C2D0C00852F61 /* WidgetKit.framework */,
				C39CDBFF296C2D0C00852F61 /* SwiftUI.framework */,
			);
			name = Frameworks;
			sourceTree = "<group>";
		};
		C39CDC01296C2D0C00852F61 /* TodoSwiftUIWidget */ = {
			isa = PBXGroup;
			children = (
				C39CDC02296C2D0C00852F61 /* TodoSwiftUIWidgetBundle.swift */,
				C39CDC04296C2D0C00852F61 /* TodoSwiftUIWidgetLiveActivity.swift */,
				C39CDC06296C2D0C00852F61 /* TodoSwiftUIWidget.swift */,
				C39CDC08296C2D0C00852F61 /* TodoSwiftUIWidget.intentdefinition */,
				C39CDC09296C2D0F00852F61 /* Assets.xcassets */,
				C39CDC0B296C2D0F00852F61 /* Info.plist */,
			);
			path = TodoSwiftUIWidget;
			sourceTree = "<group>";
		};
/* End PBXGroup section */

/* Begin PBXNativeTarget section */
		C39CDBBD296C249C00852F61 /* TodoSwiftUI */ = {
			isa = PBXNativeTarget;
			buildConfigurationList = C39CDBCC296C249E00852F61 /* Build configuration list for PBXNativeTarget "TodoSwiftUI" */;
			buildPhases = (
				C39CDBBA296C249C00852F61 /* Sources */,
				C39CDBBB296C249C00852F61 /* Frameworks */,
				C39CDBBC296C249C00852F61 /* Resources */,
				C39CDC14296C2D0F00852F61 /* Embed Foundation Extensions */,
			);
			buildRules = (
			);
			dependencies = (
				C39CDC0F296C2D0F00852F61 /* PBXTargetDependency */,
			);
			name = TodoSwiftUI;
			productName = TodoSwiftUI;
			productReference = C39CDBBE296C249C00852F61 /* TodoSwiftUI.app */;
			productType = "com.apple.product-type.application";
		};
		C39CDBFA296C2D0C00852F61 /* TodoSwiftUIWidgetExtension */ = {
			isa = PBXNativeTarget;
			buildConfigurationList = C39CDC11296C2D0F00852F61 /* Build configuration list for PBXNativeTarget "TodoSwiftUIWidgetExtension" */;
			buildPhases = (
				C39CDBF7296C2D0C00852F61 /* Sources */,
				C39CDBF8296C2D0C00852F61 /* Frameworks */,
				C39CDBF9296C2D0C00852F61 /* Resources */,
			);
			buildRules = (
			);
			dependencies = (
			);
			name = TodoSwiftUIWidgetExtension;
			productName = TodoSwiftUIWidgetExtension;
			productReference = C39CDBFB296C2D0C00852F61 /* TodoSwiftUIWidgetExtension.appex */;
			productType = "com.apple.product-type.app-extension";
		};
/* End PBXNativeTarget section */

/* Begin PBXProject section */
		C39CDBB6296C249C00852F61 /* Project object */ = {
			isa = PBXProject;
			attributes = {
				BuildIndependentTargetsInParallel = 1;
				LastSwiftUpdateCheck = 1410;
				LastUpgradeCheck = 1410;
				TargetAttributes = {
					C39CDBBD296C249C00852F61 = {
						CreatedOnToolsVersion = 14.1;
					};
					C39CDBFA296C2D0C00852F61 = {
						CreatedOnToolsVersion = 14.1;
					};
				};
			};
			buildConfigurationList = C39CDBB9296C249C00852F61 /* Build configuration list for PBXProject "TodoSwiftUI" */;
			compatibilityVersion = "Xcode 14.0";
			developmentRegion = en;
			hasScannedForEncodings = 0;
			knownRegions = (
				en,
				Base,
			);
			mainGroup = C39CDBB5296C249C00852F61;
			productRefGroup = C39CDBBF296C249C00852F61 /* Products */;
			projectDirPath = "";
			projectRoot = "";
			targets = (
				C39CDBBD296C249C00852F61 /* TodoSwiftUI */,
				C39CDBFA296C2D0C00852F61 /* TodoSwiftUIWidgetExtension */,
			);
		};
/* End PBXProject section */

/* Begin PBXResourcesBuildPhase section */
		C39CDBBC296C249C00852F61 /* Resources */ = {
			isa = PBXResourcesBuildPhase;
			buildActionMask = 2147483647;
			files = (
				C39CDBDD296C267800852F61 /* sound-tap.mp3 in Resources */,
				C39CDBDC296C267800852F61 /* sound-ding.mp3 in Resources */,
				C39CDBC6296C249E00852F61 /* Assets.xcassets in Resources */,
				C39CDBDB296C267800852F61 /* sound-rise.mp3 in Resources */,
			);
			runOnlyForDeploymentPostprocessing = 0;
		};
		C39CDBF9296C2D0C00852F61 /* Resources */ = {
			isa = PBXResourcesBuildPhase;
			buildActionMask = 2147483647;
			files = (
				C39CDC15296C31D900852F61 /* Assets.xcassets in Resources */,
				C39CDC0A296C2D0F00852F61 /* Assets.xcassets in Resources */,
			);
			runOnlyForDeploymentPostprocessing = 0;
		};
/* End PBXResourcesBuildPhase section */

/* Begin PBXSourcesBuildPhase section */
		C39CDBBA296C249C00852F61 /* Sources */ = {
			isa = PBXSourcesBuildPhase;
			buildActionMask = 2147483647;
			files = (
				C39CDBEA296C269500852F61 /* Constant.swift in Sources */,
				C39CDBF4296C269D00852F61 /* BlankView.swift in Sources */,
				C39CDBEB296C269500852F61 /* SoundPlayer.swift in Sources */,
				C39CDBF2296C269D00852F61 /* BackgroundImageView.swift in Sources */,
				C39CDBE2296C268400852F61 /* Persistence.swift in Sources */,
				C39CDBC2296C249C00852F61 /* TodoSwiftUIApp.swift in Sources */,
				C39CDBF5296C269D00852F61 /* NewTaskItemView.swift in Sources */,
				C39CDBF3296C269D00852F61 /* ListRowItemView.swift in Sources */,
				C39CDBD1296C25F900852F61 /* HideKeyboardExtension.swift in Sources */,
				C39CDC0D296C2D0F00852F61 /* TodoSwiftUIWidget.intentdefinition in Sources */,
				C39CDBF6296C269D00852F61 /* ContentView.swift in Sources */,
				C39CDBE6296C268C00852F61 /* CheckboxStyle.swift in Sources */,
				C39CDBE3296C268400852F61 /* Devote.xcdatamodeld in Sources */,
			);
			runOnlyForDeploymentPostprocessing = 0;
		};
		C39CDBF7296C2D0C00852F61 /* Sources */ = {
			isa = PBXSourcesBuildPhase;
			buildActionMask = 2147483647;
			files = (
				C39CDC0C296C2D0F00852F61 /* TodoSwiftUIWidget.intentdefinition in Sources */,
				C39CDC05296C2D0C00852F61 /* TodoSwiftUIWidgetLiveActivity.swift in Sources */,
				C39CDC16296C328400852F61 /* Constant.swift in Sources */,
				C39CDC03296C2D0C00852F61 /* TodoSwiftUIWidgetBundle.swift in Sources */,
				C39CDC07296C2D0C00852F61 /* TodoSwiftUIWidget.swift in Sources */,
			);
			runOnlyForDeploymentPostprocessing = 0;
		};
/* End PBXSourcesBuildPhase section */

/* Begin PBXTargetDependency section */
		C39CDC0F296C2D0F00852F61 /* PBXTargetDependency */ = {
			isa = PBXTargetDependency;
			target = C39CDBFA296C2D0C00852F61 /* TodoSwiftUIWidgetExtension */;
			targetProxy = C39CDC0E296C2D0F00852F61 /* PBXContainerItemProxy */;
		};
/* End PBXTargetDependency section */

/* Begin XCBuildConfiguration section */
		C39CDBCA296C249E00852F61 /* Debug */ = {
			isa = XCBuildConfiguration;
			buildSettings = {
				ALWAYS_SEARCH_USER_PATHS = NO;
				CLANG_ANALYZER_NONNULL = YES;
				CLANG_ANALYZER_NUMBER_OBJECT_CONVERSION = YES_AGGRESSIVE;
				CLANG_CXX_LANGUAGE_STANDARD = "gnu++20";
				CLANG_ENABLE_MODULES = YES;
				CLANG_ENABLE_OBJC_ARC = YES;
				CLANG_ENABLE_OBJC_WEAK = YES;
				CLANG_WARN_BLOCK_CAPTURE_AUTORELEASING = YES;
				CLANG_WARN_BOOL_CONVERSION = YES;
				CLANG_WARN_COMMA = YES;
				CLANG_WARN_CONSTANT_CONVERSION = YES;
				CLANG_WARN_DEPRECATED_OBJC_IMPLEMENTATIONS = YES;
				CLANG_WARN_DIRECT_OBJC_ISA_USAGE = YES_ERROR;
				CLANG_WARN_DOCUMENTATION_COMMENTS = YES;
				CLANG_WARN_EMPTY_BODY = YES;
				CLANG_WARN_ENUM_CONVERSION = YES;
				CLANG_WARN_INFINITE_RECURSION = YES;
				CLANG_WARN_INT_CONVERSION = YES;
				CLANG_WARN_NON_LITERAL_NULL_CONVERSION = YES;
				CLANG_WARN_OBJC_IMPLICIT_RETAIN_SELF = YES;
				CLANG_WARN_OBJC_LITERAL_CONVERSION = YES;
				CLANG_WARN_OBJC_ROOT_CLASS = YES_ERROR;
				CLANG_WARN_QUOTED_INCLUDE_IN_FRAMEWORK_HEADER = YES;
				CLANG_WARN_RANGE_LOOP_ANALYSIS = YES;
				CLANG_WARN_STRICT_PROTOTYPES = YES;
				CLANG_WARN_SUSPICIOUS_MOVE = YES;
				CLANG_WARN_UNGUARDED_AVAILABILITY = YES_AGGRESSIVE;
				CLANG_WARN_UNREACHABLE_CODE = YES;
				CLANG_WARN__DUPLICATE_METHOD_MATCH = YES;
				COPY_PHASE_STRIP = NO;
				DEBUG_INFORMATION_FORMAT = dwarf;
				ENABLE_STRICT_OBJC_MSGSEND = YES;
				ENABLE_TESTABILITY = YES;
				GCC_C_LANGUAGE_STANDARD = gnu11;
				GCC_DYNAMIC_NO_PIC = NO;
				GCC_NO_COMMON_BLOCKS = YES;
				GCC_OPTIMIZATION_LEVEL = 0;
				GCC_PREPROCESSOR_DEFINITIONS = (
					"DEBUG=1",
					"$(inherited)",
				);
				GCC_WARN_64_TO_32_BIT_CONVERSION = YES;
				GCC_WARN_ABOUT_RETURN_TYPE = YES_ERROR;
				GCC_WARN_UNDECLARED_SELECTOR = YES;
				GCC_WARN_UNINITIALIZED_AUTOS = YES_AGGRESSIVE;
				GCC_WARN_UNUSED_FUNCTION = YES;
				GCC_WARN_UNUSED_VARIABLE = YES;
				IPHONEOS_DEPLOYMENT_TARGET = 16.1;
				MTL_ENABLE_DEBUG_INFO = INCLUDE_SOURCE;
				MTL_FAST_MATH = YES;
				ONLY_ACTIVE_ARCH = YES;
				SDKROOT = iphoneos;
				SWIFT_ACTIVE_COMPILATION_CONDITIONS = DEBUG;
				SWIFT_OPTIMIZATION_LEVEL = "-Onone";
			};
			name = Debug;
		};
		C39CDBCB296C249E00852F61 /* Release */ = {
			isa = XCBuildConfiguration;
			buildSettings = {
				ALWAYS_SEARCH_USER_PATHS = NO;
				CLANG_ANALYZER_NONNULL = YES;
				CLANG_ANALYZER_NUMBER_OBJECT_CONVERSION = YES_AGGRESSIVE;
				CLANG_CXX_LANGUAGE_STANDARD = "gnu++20";
				CLANG_ENABLE_MODULES = YES;
				CLANG_ENABLE_OBJC_ARC = YES;
				CLANG_ENABLE_OBJC_WEAK = YES;
				CLANG_WARN_BLOCK_CAPTURE_AUTORELEASING = YES;
				CLANG_WARN_BOOL_CONVERSION = YES;
				CLANG_WARN_COMMA = YES;
				CLANG_WARN_CONSTANT_CONVERSION = YES;
				CLANG_WARN_DEPRECATED_OBJC_IMPLEMENTATIONS = YES;
				CLANG_WARN_DIRECT_OBJC_ISA_USAGE = YES_ERROR;
				CLANG_WARN_DOCUMENTATION_COMMENTS = YES;
				CLANG_WARN_EMPTY_BODY = YES;
				CLANG_WARN_ENUM_CONVERSION = YES;
				CLANG_WARN_INFINITE_RECURSION = YES;
				CLANG_WARN_INT_CONVERSION = YES;
				CLANG_WARN_NON_LITERAL_NULL_CONVERSION = YES;
				CLANG_WARN_OBJC_IMPLICIT_RETAIN_SELF = YES;
				CLANG_WARN_OBJC_LITERAL_CONVERSION = YES;
				CLANG_WARN_OBJC_ROOT_CLASS = YES_ERROR;
				CLANG_WARN_QUOTED_INCLUDE_IN_FRAMEWORK_HEADER = YES;
				CLANG_WARN_RANGE_LOOP_ANALYSIS = YES;
				CLANG_WARN_STRICT_PROTOTYPES = YES;
				CLANG_WARN_SUSPICIOUS_MOVE = YES;
				CLANG_WARN_UNGUARDED_AVAILABILITY = YES_AGGRESSIVE;
				CLANG_WARN_UNREACHABLE_CODE = YES;
				CLANG_WARN__DUPLICATE_METHOD_MATCH = YES;
				COPY_PHASE_STRIP = NO;
				DEBUG_INFORMATION_FORMAT = "dwarf-with-dsym";
				ENABLE_NS_ASSERTIONS = NO;
				ENABLE_STRICT_OBJC_MSGSEND = YES;
				GCC_C_LANGUAGE_STANDARD = gnu11;
				GCC_NO_COMMON_BLOCKS = YES;
				GCC_WARN_64_TO_32_BIT_CONVERSION = YES;
				GCC_WARN_ABOUT_RETURN_TYPE = YES_ERROR;
				GCC_WARN_UNDECLARED_SELECTOR = YES;
				GCC_WARN_UNINITIALIZED_AUTOS = YES_AGGRESSIVE;
				GCC_WARN_UNUSED_FUNCTION = YES;
				GCC_WARN_UNUSED_VARIABLE = YES;
				IPHONEOS_DEPLOYMENT_TARGET = 16.1;
				MTL_ENABLE_DEBUG_INFO = NO;
				MTL_FAST_MATH = YES;
				SDKROOT = iphoneos;
				SWIFT_COMPILATION_MODE = wholemodule;
				SWIFT_OPTIMIZATION_LEVEL = "-O";
				VALIDATE_PRODUCT = YES;
			};
			name = Release;
		};
		C39CDBCD296C249E00852F61 /* Debug */ = {
			isa = XCBuildConfiguration;
			buildSettings = {
				ALWAYS_EMBED_SWIFT_STANDARD_LIBRARIES = YES;
				ASSETCATALOG_COMPILER_APPICON_NAME = AppIcon;
				ASSETCATALOG_COMPILER_GLOBAL_ACCENT_COLOR_NAME = AccentColor;
				CODE_SIGN_STYLE = Automatic;
				CURRENT_PROJECT_VERSION = 1;
				DEVELOPMENT_ASSET_PATHS = "\"TodoSwiftUI/Preview Content\"";
				DEVELOPMENT_TEAM = 56P34HD8J7;
				ENABLE_PREVIEWS = YES;
				GENERATE_INFOPLIST_FILE = YES;
				INFOPLIST_FILE = TodoSwiftUI/Info.plist;
				INFOPLIST_KEY_UIApplicationSceneManifest_Generation = YES;
				INFOPLIST_KEY_UIApplicationSupportsIndirectInputEvents = YES;
				INFOPLIST_KEY_UISupportedInterfaceOrientations_iPad = "UIInterfaceOrientationPortrait UIInterfaceOrientationPortraitUpsideDown UIInterfaceOrientationLandscapeLeft UIInterfaceOrientationLandscapeRight";
				INFOPLIST_KEY_UISupportedInterfaceOrientations_iPhone = "UIInterfaceOrientationPortrait UIInterfaceOrientationLandscapeLeft UIInterfaceOrientationLandscapeRight";
				LD_RUNPATH_SEARCH_PATHS = (
					"$(inherited)",
					"@executable_path/Frameworks",
				);
				MARKETING_VERSION = 1.0;
				PRODUCT_BUNDLE_IDENTIFIER = com.scorp.TodoSwiftUI;
				PRODUCT_NAME = "$(TARGET_NAME)";
				SWIFT_EMIT_LOC_STRINGS = YES;
				SWIFT_VERSION = 5.0;
				TARGETED_DEVICE_FAMILY = "1,2";
			};
			name = Debug;
		};
		C39CDBCE296C249E00852F61 /* Release */ = {
			isa = XCBuildConfiguration;
			buildSettings = {
				ALWAYS_EMBED_SWIFT_STANDARD_LIBRARIES = YES;
				ASSETCATALOG_COMPILER_APPICON_NAME = AppIcon;
				ASSETCATALOG_COMPILER_GLOBAL_ACCENT_COLOR_NAME = AccentColor;
				CODE_SIGN_STYLE = Automatic;
				CURRENT_PROJECT_VERSION = 1;
				DEVELOPMENT_ASSET_PATHS = "\"TodoSwiftUI/Preview Content\"";
				DEVELOPMENT_TEAM = 56P34HD8J7;
				ENABLE_PREVIEWS = YES;
				GENERATE_INFOPLIST_FILE = YES;
				INFOPLIST_FILE = TodoSwiftUI/Info.plist;
				INFOPLIST_KEY_UIApplicationSceneManifest_Generation = YES;
				INFOPLIST_KEY_UIApplicationSupportsIndirectInputEvents = YES;
				INFOPLIST_KEY_UISupportedInterfaceOrientations_iPad = "UIInterfaceOrientationPortrait UIInterfaceOrientationPortraitUpsideDown UIInterfaceOrientationLandscapeLeft UIInterfaceOrientationLandscapeRight";
				INFOPLIST_KEY_UISupportedInterfaceOrientations_iPhone = "UIInterfaceOrientationPortrait UIInterfaceOrientationLandscapeLeft UIInterfaceOrientationLandscapeRight";
				LD_RUNPATH_SEARCH_PATHS = (
					"$(inherited)",
					"@executable_path/Frameworks",
				);
				MARKETING_VERSION = 1.0;
				PRODUCT_BUNDLE_IDENTIFIER = com.scorp.TodoSwiftUI;
				PRODUCT_NAME = "$(TARGET_NAME)";
				SWIFT_EMIT_LOC_STRINGS = YES;
				SWIFT_VERSION = 5.0;
				TARGETED_DEVICE_FAMILY = "1,2";
			};
			name = Release;
		};
		C39CDC12296C2D0F00852F61 /* Debug */ = {
			isa = XCBuildConfiguration;
			buildSettings = {
				ASSETCATALOG_COMPILER_GLOBAL_ACCENT_COLOR_NAME = AccentColor;
				ASSETCATALOG_COMPILER_WIDGET_BACKGROUND_COLOR_NAME = WidgetBackground;
				CODE_SIGN_STYLE = Automatic;
				CURRENT_PROJECT_VERSION = 1;
				DEVELOPMENT_TEAM = 56P34HD8J7;
				GENERATE_INFOPLIST_FILE = YES;
				INFOPLIST_FILE = TodoSwiftUIWidget/Info.plist;
				INFOPLIST_KEY_CFBundleDisplayName = TodoSwiftUIWidget;
				INFOPLIST_KEY_NSHumanReadableCopyright = "";
				LD_RUNPATH_SEARCH_PATHS = (
					"$(inherited)",
					"@executable_path/Frameworks",
					"@executable_path/../../Frameworks",
				);
				MARKETING_VERSION = 1.0;
				PRODUCT_BUNDLE_IDENTIFIER = com.scorp.TodoSwiftUI.TodoSwiftUIWidget;
				PRODUCT_NAME = "$(TARGET_NAME)";
				SKIP_INSTALL = YES;
				SWIFT_EMIT_LOC_STRINGS = YES;
				SWIFT_VERSION = 5.0;
				TARGETED_DEVICE_FAMILY = "1,2";
			};
			name = Debug;
		};
		C39CDC13296C2D0F00852F61 /* Release */ = {
			isa = XCBuildConfiguration;
			buildSettings = {
				ASSETCATALOG_COMPILER_GLOBAL_ACCENT_COLOR_NAME = AccentColor;
				ASSETCATALOG_COMPILER_WIDGET_BACKGROUND_COLOR_NAME = WidgetBackground;
				CODE_SIGN_STYLE = Automatic;
				CURRENT_PROJECT_VERSION = 1;
				DEVELOPMENT_TEAM = 56P34HD8J7;
				GENERATE_INFOPLIST_FILE = YES;
				INFOPLIST_FILE = TodoSwiftUIWidget/Info.plist;
				INFOPLIST_KEY_CFBundleDisplayName = TodoSwiftUIWidget;
				INFOPLIST_KEY_NSHumanReadableCopyright = "";
				LD_RUNPATH_SEARCH_PATHS = (
					"$(inherited)",
					"@executable_path/Frameworks",
					"@executable_path/../../Frameworks",
				);
				MARKETING_VERSION = 1.0;
				PRODUCT_BUNDLE_IDENTIFIER = com.scorp.TodoSwiftUI.TodoSwiftUIWidget;
				PRODUCT_NAME = "$(TARGET_NAME)";
				SKIP_INSTALL = YES;
				SWIFT_EMIT_LOC_STRINGS = YES;
				SWIFT_VERSION = 5.0;
				TARGETED_DEVICE_FAMILY = "1,2";
			};
			name = Release;
		};
/* End XCBuildConfiguration section */

/* Begin XCConfigurationList section */
		C39CDBB9296C249C00852F61 /* Build configuration list for PBXProject "TodoSwiftUI" */ = {
			isa = XCConfigurationList;
			buildConfigurations = (
				C39CDBCA296C249E00852F61 /* Debug */,
				C39CDBCB296C249E00852F61 /* Release */,
			);
			defaultConfigurationIsVisible = 0;
			defaultConfigurationName = Release;
		};
		C39CDBCC296C249E00852F61 /* Build configuration list for PBXNativeTarget "TodoSwiftUI" */ = {
			isa = XCConfigurationList;
			buildConfigurations = (
				C39CDBCD296C249E00852F61 /* Debug */,
				C39CDBCE296C249E00852F61 /* Release */,
			);
			defaultConfigurationIsVisible = 0;
			defaultConfigurationName = Release;
		};
		C39CDC11296C2D0F00852F61 /* Build configuration list for PBXNativeTarget "TodoSwiftUIWidgetExtension" */ = {
			isa = XCConfigurationList;
			buildConfigurations = (
				C39CDC12296C2D0F00852F61 /* Debug */,
				C39CDC13296C2D0F00852F61 /* Release */,
			);
			defaultConfigurationIsVisible = 0;
			defaultConfigurationName = Release;
		};
/* End XCConfigurationList section */

/* Begin XCVersionGroup section */
		C39CDBE0296C268400852F61 /* Devote.xcdatamodeld */ = {
			isa = XCVersionGroup;
			children = (
				C39CDBE1296C268400852F61 /* Devote.xcdatamodel */,
			);
			currentVersion = C39CDBE1296C268400852F61 /* Devote.xcdatamodel */;
			path = Devote.xcdatamodeld;
			sourceTree = "<group>";
			versionGroupType = wrapper.xcdatamodel;
		};
/* End XCVersionGroup section */
	};
	rootObject = C39CDBB6296C249C00852F61 /* Project object */;
}
